
Microsoft Visual Studio Solution File, Format Version 12.00
# Visual Studio 15
VisualStudioVersion = 15.0.27428.2037
MinimumVisualStudioVersion = 10.0.40219.1
Project("{FAE04EC0-301F-11D3-BF4B-00C04F79EFBC}") = "ConsoleApp1", "ConsoleApp1\ConsoleApp1.csproj", "{CBD9D4C8-E803-49A6-BBFF-E1E3A8AC33B8}"
EndProject
Global
	GlobalSection(SolutionConfigurationPlatforms) = preSolution
		Debug|Any CPU = Debug|Any CPU
		Release|Any CPU = Release|Any CPU
	EndGlobalSection
	GlobalSection(ProjectConfigurationPlatforms) = postSolution
		{CBD9D4C8-E803-49A6-BBFF-E1E3A8AC33B8}.Debug|Any CPU.ActiveCfg = Debug|Any CPU
		{CBD9D4C8-E803-49A6-BBFF-E1E3A8AC33B8}.Debug|Any CPU.Build.0 = Debug|Any CPU
		{CBD9D4C8-E803-49A6-BBFF-E1E3A8AC33B8}.Release|Any CPU.ActiveCfg = Release|Any CPU
		{CBD9D4C8-E803-49A6-BBFF-E1E3A8AC33B8}.Release|Any CPU.Build.0 = Release|Any CPU
	EndGlobalSection
	GlobalSection(SolutionProperties) = preSolution
		HideSolutionNode = FALSE
	EndGlobalSection
	GlobalSection(ExtensibilityGlobals) = postSolution
		SolutionGuid = {92E23812-F706-47B5-BA69-7C55864E9AAF}
	EndGlobalSection
EndGlobal
